
Microsoft Visual Studio Solution File, Format Version 12.00
# Visual Studio 15
VisualStudioVersion = 15.0.28307.572
MinimumVisualStudioVersion = 10.0.40219.1
Project("{9A19103F-16F7-4668-BE54-9A1E7A4F7556}") = "CheckPromise.Data", "CheckPromise.Data\CheckPromise.Data.csproj", "{9811ED4D-A2A1-41F8-9DD8-42327E9055DE}"
EndProject
Project("{9A19103F-16F7-4668-BE54-9A1E7A4F7556}") = "CheckPromise.Webapp", "CheckPromise.Webapp\CheckPromise.Webapp.csproj", "{3E9539E5-61DC-45E2-BA1D-C11B77448CE8}"
EndProject
Project("{9A19103F-16F7-4668-BE54-9A1E7A4F7556}") = "CheckPromise.Provider", "Checkpromise.Provider\CheckPromise.Provider.csproj", "{F3BD56F0-F7B3-4798-B97F-780BF5A3557A}"
EndProject
Project("{FAE04EC0-301F-11D3-BF4B-00C04F79EFBC}") = "CheckPromise.Uploader", "CheckPromise.Uploader\CheckPromise.Uploader.csproj", "{A816C18F-366D-4D41-85DD-D2E164DA3AE8}"
EndProject
Global
	GlobalSection(SolutionConfigurationPlatforms) = preSolution
		Debug|Any CPU = Debug|Any CPU
		Release|Any CPU = Release|Any CPU
	EndGlobalSection
	GlobalSection(ProjectConfigurationPlatforms) = postSolution
		{9811ED4D-A2A1-41F8-9DD8-42327E9055DE}.Debug|Any CPU.ActiveCfg = Debug|Any CPU
		{9811ED4D-A2A1-41F8-9DD8-42327E9055DE}.Debug|Any CPU.Build.0 = Debug|Any CPU
		{9811ED4D-A2A1-41F8-9DD8-42327E9055DE}.Release|Any CPU.ActiveCfg = Release|Any CPU
		{9811ED4D-A2A1-41F8-9DD8-42327E9055DE}.Release|Any CPU.Build.0 = Release|Any CPU
		{3E9539E5-61DC-45E2-BA1D-C11B77448CE8}.Debug|Any CPU.ActiveCfg = Debug|Any CPU
		{3E9539E5-61DC-45E2-BA1D-C11B77448CE8}.Debug|Any CPU.Build.0 = Debug|Any CPU
		{3E9539E5-61DC-45E2-BA1D-C11B77448CE8}.Release|Any CPU.ActiveCfg = Release|Any CPU
		{3E9539E5-61DC-45E2-BA1D-C11B77448CE8}.Release|Any CPU.Build.0 = Release|Any CPU
		{F3BD56F0-F7B3-4798-B97F-780BF5A3557A}.Debug|Any CPU.ActiveCfg = Debug|Any CPU
		{F3BD56F0-F7B3-4798-B97F-780BF5A3557A}.Debug|Any CPU.Build.0 = Debug|Any CPU
		{F3BD56F0-F7B3-4798-B97F-780BF5A3557A}.Release|Any CPU.ActiveCfg = Release|Any CPU
		{F3BD56F0-F7B3-4798-B97F-780BF5A3557A}.Release|Any CPU.Build.0 = Release|Any CPU
		{A816C18F-366D-4D41-85DD-D2E164DA3AE8}.Debug|Any CPU.ActiveCfg = Debug|Any CPU
		{A816C18F-366D-4D41-85DD-D2E164DA3AE8}.Debug|Any CPU.Build.0 = Debug|Any CPU
		{A816C18F-366D-4D41-85DD-D2E164DA3AE8}.Release|Any CPU.ActiveCfg = Release|Any CPU
		{A816C18F-366D-4D41-85DD-D2E164DA3AE8}.Release|Any CPU.Build.0 = Release|Any CPU
	EndGlobalSection
	GlobalSection(SolutionProperties) = preSolution
		HideSolutionNode = FALSE
	EndGlobalSection
	GlobalSection(ExtensibilityGlobals) = postSolution
		SolutionGuid = {E825E9E7-7236-4D8F-BB3B-78A1C0CC1185}
	EndGlobalSection
EndGlobal
