
Microsoft Visual Studio Solution File, Format Version 12.00
# Visual Studio 15
Project("{FAE04EC0-301F-11D3-BF4B-00C04F79EFBC}") = "Checkpromise", "Checkpromise.csproj", "{B2294396-F937-45A2-9771-08F067C7DA2D}"
EndProject
Global
	GlobalSection(SolutionConfigurationPlatforms) = preSolution
		Debug|Any CPU = Debug|Any CPU
		Release|Any CPU = Release|Any CPU
	EndGlobalSection
	GlobalSection(ProjectConfigurationPlatforms) = postSolution
		{B2294396-F937-45A2-9771-08F067C7DA2D}.Debug|Any CPU.ActiveCfg = Debug|Any CPU
		{B2294396-F937-45A2-9771-08F067C7DA2D}.Debug|Any CPU.Build.0 = Debug|Any CPU
		{B2294396-F937-45A2-9771-08F067C7DA2D}.Release|Any CPU.ActiveCfg = Release|Any CPU
		{B2294396-F937-45A2-9771-08F067C7DA2D}.Release|Any CPU.Build.0 = Release|Any CPU
	EndGlobalSection
EndGlobal
